lockfileVersion: '9.0'

settings:
  autoInstallPeers: true
  excludeLinksFromLockfile: false

importers:

  .:
    dependencies:
      '@tanstack/react-query':
        specifier: ^5.90.21
        version: 5.90.21(react@19.2.3)
      react:
        specifier: 19.2.3
        version: 19.2.3
      react-dom:
        specifier: 19.2.3
        version: 19.2.3(react@19.2.3)

packages:

  '@tanstack/query-core@5.90.20':
    resolution: {integrity: sha512-OMD2HLpNouXEfZJWcKeVKUgQ5n+n3A2JFmBaScpNDUqSrQSjiveC7dKMe53uJUg1nDG16ttFPz2xfilz6i2uVg==}

  '@tanstack/react-query@5.90.21':
    resolution: {integrity: sha512-0Lu6y5t+tvlTJMTO7oh5NSpJfpg/5D41LlThfepTixPYkJ0sE2Jj0m0f6yYqujBwIXlId87e234+MxG3D3g7kg==}
    peerDependencies:
      react: ^18 || ^19

  react-dom@19.2.3:
    resolution: {integrity: sha512-yELu4WmLPw5Mr/lmeEpox5rw3RETacE++JgHqQzd2dg+YbJuat3jH4ingc+WPZhxaoFzdv9y33G+F7Nl5O0GBg==}
    peerDependencies:
      react: ^19.2.3

  react@19.2.3:
    resolution: {integrity: sha512-Ku/hhYbVjOQnXDZFv2+RibmLFGwFdeeKHFcOTlrt7xplBnya5OGn/hIRDsqDiSUcfORsDC7MPxwork8jBwsIWA==}
    engines: {node: '>=0.10.0'}

  scheduler@0.27.0:
    resolution: {integrity: sha512-eNv+WrVbKu1f3vbYJT/xtiF5syA5HPIMtf9IgY/nKg0sWqzAUEvqY/xm7OcZc/qafLx/iO9FgOmeSAp4v5ti/Q==}

snapshots:

  '@tanstack/query-core@5.90.20': {}

  '@tanstack/react-query@5.90.21(react@19.2.3)':
    dependencies:
      '@tanstack/query-core': 5.90.20
      react: 19.2.3

  react-dom@19.2.3(react@19.2.3):
    dependencies:
      react: 19.2.3
      scheduler: 0.27.0

  react@19.2.3: {}

  scheduler@0.27.0: {}
